// !$*UTF8*$!
{
	archiveVersion = 1;
	classes = {
	};
	objectVersion = 55;
	objects = {

/* Begin PBXBuildFile section */
		AF8153CF27284D2300B1340E /* LetsFocusPomoSPMApp.swift in Sources */ = {isa = PBXBuildFile; fileRef = AF8153CE27284D2300B1340E /* LetsFocusPomoSPMApp.swift */; };
		AF8153D627284D2A00B1340E /* Preview Assets.xcassets in Resources */ = {isa = PBXBuildFile; fileRef = AF8153D527284D2A00B1340E /* Preview Assets.xcassets */; };
		AF8153EA27284DF100B1340E /* AccountView.swift in Sources */ = {isa = PBXBuildFile; fileRef = AF8153DE27284DF100B1340E /* AccountView.swift */; };
		AF8153EB27284DF100B1340E /* AccountViewModel.swift in Sources */ = {isa = PBXBuildFile; fileRef = AF8153DF27284DF100B1340E /* AccountViewModel.swift */; };
		AF8153EC27284DF100B1340E /* AvatarView.swift in Sources */ = {isa = PBXBuildFile; fileRef = AF8153E027284DF100B1340E /* AvatarView.swift */; };
		AF8153ED27284DF100B1340E /* ProfileView.swift in Sources */ = {isa = PBXBuildFile; fileRef = AF8153E127284DF100B1340E /* ProfileView.swift */; };
		AF8153EE27284DF100B1340E /* RegisterView.swift in Sources */ = {isa = PBXBuildFile; fileRef = AF8153E227284DF100B1340E /* RegisterView.swift */; };
		AF8153EF27284DF100B1340E /* RegisterViewModel.swift in Sources */ = {isa = PBXBuildFile; fileRef = AF8153E327284DF100B1340E /* RegisterViewModel.swift */; };
		AF8153F027284DF100B1340E /* LetsFocusTabView.swift in Sources */ = {isa = PBXBuildFile; fileRef = AF8153E427284DF100B1340E /* LetsFocusTabView.swift */; };
		AF8153F127284DF100B1340E /* SettingView.swift in Sources */ = {isa = PBXBuildFile; fileRef = AF8153E627284DF100B1340E /* SettingView.swift */; };
		AF8153F227284DF100B1340E /* TimerView.swift in Sources */ = {isa = PBXBuildFile; fileRef = AF8153E827284DF100B1340E /* TimerView.swift */; };
		AF8153F327284DF100B1340E /* TimerViewModel.swift in Sources */ = {isa = PBXBuildFile; fileRef = AF8153E927284DF100B1340E /* TimerViewModel.swift */; };
		AF8153F627284E0400B1340E /* AlertItem.swift in Sources */ = {isa = PBXBuildFile; fileRef = AF8153F527284E0400B1340E /* AlertItem.swift */; };
		AF8153F927284E0E00B1340E /* Ext+Color.swift in Sources */ = {isa = PBXBuildFile; fileRef = AF8153F827284E0E00B1340E /* Ext+Color.swift */; };
		AF81540627284E2600B1340E /* PrimaryButtonStyle.swift in Sources */ = {isa = PBXBuildFile; fileRef = AF81540227284E2600B1340E /* PrimaryButtonStyle.swift */; };
		AF81540727284E2600B1340E /* SecondaryButtonStyle.swift in Sources */ = {isa = PBXBuildFile; fileRef = AF81540327284E2600B1340E /* SecondaryButtonStyle.swift */; };
		AF81540827284E2600B1340E /* StartButton.swift in Sources */ = {isa = PBXBuildFile; fileRef = AF81540427284E2600B1340E /* StartButton.swift */; };
		AF81540927284E2600B1340E /* XDismissButton.swift in Sources */ = {isa = PBXBuildFile; fileRef = AF81540527284E2600B1340E /* XDismissButton.swift */; };
		AF81540C27284E3300B1340E /* TimerModel.swift in Sources */ = {isa = PBXBuildFile; fileRef = AF81540B27284E3300B1340E /* TimerModel.swift */; };
		AF81540E27284E4500B1340E /* Assets.xcassets in Resources */ = {isa = PBXBuildFile; fileRef = AF81540D27284E4500B1340E /* Assets.xcassets */; };
		AF81542D272852B100B1340E /* FirebaseAuth in Frameworks */ = {isa = PBXBuildFile; productRef = AF81542C272852B100B1340E /* FirebaseAuth */; };
		AF81542F272852B100B1340E /* FirebaseFirestore in Frameworks */ = {isa = PBXBuildFile; productRef = AF81542E272852B100B1340E /* FirebaseFirestore */; };
		AF815431272852B100B1340E /* FirebaseFirestoreSwift-Beta in Frameworks */ = {isa = PBXBuildFile; productRef = AF815430272852B100B1340E /* FirebaseFirestoreSwift-Beta */; };
		AF815433272857CE00B1340E /* GoogleService-Info.plist in Resources */ = {isa = PBXBuildFile; fileRef = AF815432272857CE00B1340E /* GoogleService-Info.plist */; };
/* End PBXBuildFile section */

/* Begin PBXFileReference section */
		AF8153CB27284D2300B1340E /* LetsFocusPomoSPM.app */ = {isa = PBXFileReference; explicitFileType = wrapper.application; includeInIndex = 0; path = LetsFocusPomoSPM.app; sourceTree = BUILT_PRODUCTS_DIR; };
		AF8153CE27284D2300B1340E /* LetsFocusPomoSPMApp.swift */ = {isa = PBXFileReference; lastKnownFileType = sourcecode.swift; path = LetsFocusPomoSPMApp.swift; sourceTree = "<group>"; };
		AF8153D527284D2A00B1340E /* Preview Assets.xcassets */ = {isa = PBXFileReference; lastKnownFileType = folder.assetcatalog; path = "Preview Assets.xcassets"; sourceTree = "<group>"; };
		AF8153DE27284DF100B1340E /* AccountView.swift */ = {isa = PBXFileReference; fileEncoding = 4; lastKnownFileType = sourcecode.swift; path = AccountView.swift; sourceTree = "<group>"; };
		AF8153DF27284DF100B1340E /* AccountViewModel.swift */ = {isa = PBXFileReference; fileEncoding = 4; lastKnownFileType = sourcecode.swift; path = AccountViewModel.swift; sourceTree = "<group>"; };
		AF8153E027284DF100B1340E /* AvatarView.swift */ = {isa = PBXFileReference; fileEncoding = 4; lastKnownFileType = sourcecode.swift; path = AvatarView.swift; sourceTree = "<group>"; };
		AF8153E127284DF100B1340E /* ProfileView.swift */ = {isa = PBXFileReference; fileEncoding = 4; lastKnownFileType = sourcecode.swift; path = ProfileView.swift; sourceTree = "<group>"; };
		AF8153E227284DF100B1340E /* RegisterView.swift */ = {isa = PBXFileReference; fileEncoding = 4; lastKnownFileType = sourcecode.swift; path = RegisterView.swift; sourceTree = "<group>"; };
		AF8153E327284DF100B1340E /* RegisterViewModel.swift */ = {isa = PBXFileReference; fileEncoding = 4; lastKnownFileType = sourcecode.swift; path = RegisterViewModel.swift; sourceTree = "<group>"; };
		AF8153E427284DF100B1340E /* LetsFocusTabView.swift */ = {isa = PBXFileReference; fileEncoding = 4; lastKnownFileType = sourcecode.swift; path = LetsFocusTabView.swift; sourceTree = "<group>"; };
		AF8153E627284DF100B1340E /* SettingView.swift */ = {isa = PBXFileReference; fileEncoding = 4; lastKnownFileType = sourcecode.swift; path = SettingView.swift; sourceTree = "<group>"; };
		AF8153E827284DF100B1340E /* TimerView.swift */ = {isa = PBXFileReference; fileEncoding = 4; lastKnownFileType = sourcecode.swift; path = TimerView.swift; sourceTree = "<group>"; };
		AF8153E927284DF100B1340E /* TimerViewModel.swift */ = {isa = PBXFileReference; fileEncoding = 4; lastKnownFileType = sourcecode.swift; path = TimerViewModel.swift; sourceTree = "<group>"; };
		AF8153F527284E0400B1340E /* AlertItem.swift */ = {isa = PBXFileReference; fileEncoding = 4; lastKnownFileType = sourcecode.swift; path = AlertItem.swift; sourceTree = "<group>"; };
		AF8153F827284E0E00B1340E /* Ext+Color.swift */ = {isa = PBXFileReference; fileEncoding = 4; lastKnownFileType = sourcecode.swift; path = "Ext+Color.swift"; sourceTree = "<group>"; };
		AF81540227284E2600B1340E /* PrimaryButtonStyle.swift */ = {isa = PBXFileReference; fileEncoding = 4; lastKnownFileType = sourcecode.swift; path = PrimaryButtonStyle.swift; sourceTree = "<group>"; };
		AF81540327284E2600B1340E /* SecondaryButtonStyle.swift */ = {isa = PBXFileReference; fileEncoding = 4; lastKnownFileType = sourcecode.swift; path = SecondaryButtonStyle.swift; sourceTree = "<group>"; };
		AF81540427284E2600B1340E /* StartButton.swift */ = {isa = PBXFileReference; fileEncoding = 4; lastKnownFileType = sourcecode.swift; path = StartButton.swift; sourceTree = "<group>"; };
		AF81540527284E2600B1340E /* XDismissButton.swift */ = {isa = PBXFileReference; fileEncoding = 4; lastKnownFileType = sourcecode.swift; path = XDismissButton.swift; sourceTree = "<group>"; };
		AF81540B27284E3300B1340E /* TimerModel.swift */ = {isa = PBXFileReference; fileEncoding = 4; lastKnownFileType = sourcecode.swift; path = TimerModel.swift; sourceTree = "<group>"; };
		AF81540D27284E4500B1340E /* Assets.xcassets */ = {isa = PBXFileReference; lastKnownFileType = folder.assetcatalog; path = Assets.xcassets; sourceTree = "<group>"; };
		AF815432272857CE00B1340E /* GoogleService-Info.plist */ = {isa = PBXFileReference; fileEncoding = 4; lastKnownFileType = text.plist.xml; path = "GoogleService-Info.plist"; sourceTree = "<group>"; };
/* End PBXFileReference section */

/* Begin PBXFrameworksBuildPhase section */
		AF8153C827284D2300B1340E /* Frameworks */ = {
			isa = PBXFrameworksBuildPhase;
			buildActionMask = 2147483647;
			files = (
				AF815431272852B100B1340E /* FirebaseFirestoreSwift-Beta in Frameworks */,
				AF81542D272852B100B1340E /* FirebaseAuth in Frameworks */,
				AF81542F272852B100B1340E /* FirebaseFirestore in Frameworks */,
			);
			runOnlyForDeploymentPostprocessing = 0;
		};
/* End PBXFrameworksBuildPhase section */

/* Begin PBXGroup section */
		AF8153C227284D2300B1340E = {
			isa = PBXGroup;
			children = (
				AF8153CD27284D2300B1340E /* LetsFocusPomoSPM */,
				AF8153CC27284D2300B1340E /* Products */,
			);
			sourceTree = "<group>";
		};
		AF8153CC27284D2300B1340E /* Products */ = {
			isa = PBXGroup;
			children = (
				AF8153CB27284D2300B1340E /* LetsFocusPomoSPM.app */,
			);
			name = Products;
			sourceTree = "<group>";
		};
		AF8153CD27284D2300B1340E /* LetsFocusPomoSPM */ = {
			isa = PBXGroup;
			children = (
				AF8153CE27284D2300B1340E /* LetsFocusPomoSPMApp.swift */,
				AF8153DC27284DF100B1340E /* Screens */,
				AF81540027284E2600B1340E /* Views */,
				AF81540A27284E3300B1340E /* Models */,
				AF8153F727284E0E00B1340E /* Extensions */,
				AF8153F427284E0400B1340E /* Alerts */,
				AF81540D27284E4500B1340E /* Assets.xcassets */,
				AF815432272857CE00B1340E /* GoogleService-Info.plist */,
				AF8153D427284D2A00B1340E /* Preview Content */,
			);
			path = LetsFocusPomoSPM;
			sourceTree = "<group>";
		};
		AF8153D427284D2A00B1340E /* Preview Content */ = {
			isa = PBXGroup;
			children = (
				AF8153D527284D2A00B1340E /* Preview Assets.xcassets */,
			);
			path = "Preview Content";
			sourceTree = "<group>";
		};
		AF8153DC27284DF100B1340E /* Screens */ = {
			isa = PBXGroup;
			children = (
				AF8153E427284DF100B1340E /* LetsFocusTabView.swift */,
				AF8153DD27284DF100B1340E /* AccountView */,
				AF8153E527284DF100B1340E /* SettingView */,
				AF8153E727284DF100B1340E /* TimerView */,
			);
			path = Screens;
			sourceTree = "<group>";
		};
		AF8153DD27284DF100B1340E /* AccountView */ = {
			isa = PBXGroup;
			children = (
				AF8153DE27284DF100B1340E /* AccountView.swift */,
				AF8153DF27284DF100B1340E /* AccountViewModel.swift */,
				AF8153E027284DF100B1340E /* AvatarView.swift */,
				AF8153E127284DF100B1340E /* ProfileView.swift */,
				AF8153E227284DF100B1340E /* RegisterView.swift */,
				AF8153E327284DF100B1340E /* RegisterViewModel.swift */,
			);
			path = AccountView;
			sourceTree = "<group>";
		};
		AF8153E527284DF100B1340E /* SettingView */ = {
			isa = PBXGroup;
			children = (
				AF8153E627284DF100B1340E /* SettingView.swift */,
			);
			path = SettingView;
			sourceTree = "<group>";
		};
		AF8153E727284DF100B1340E /* TimerView */ = {
			isa = PBXGroup;
			children = (
				AF8153E827284DF100B1340E /* TimerView.swift */,
				AF8153E927284DF100B1340E /* TimerViewModel.swift */,
			);
			path = TimerView;
			sourceTree = "<group>";
		};
		AF8153F427284E0400B1340E /* Alerts */ = {
			isa = PBXGroup;
			children = (
				AF8153F527284E0400B1340E /* AlertItem.swift */,
			);
			path = Alerts;
			sourceTree = "<group>";
		};
		AF8153F727284E0E00B1340E /* Extensions */ = {
			isa = PBXGroup;
			children = (
				AF8153F827284E0E00B1340E /* Ext+Color.swift */,
			);
			path = Extensions;
			sourceTree = "<group>";
		};
		AF81540027284E2600B1340E /* Views */ = {
			isa = PBXGroup;
			children = (
				AF81540127284E2600B1340E /* Buttons */,
			);
			path = Views;
			sourceTree = "<group>";
		};
		AF81540127284E2600B1340E /* Buttons */ = {
			isa = PBXGroup;
			children = (
				AF81540227284E2600B1340E /* PrimaryButtonStyle.swift */,
				AF81540327284E2600B1340E /* SecondaryButtonStyle.swift */,
				AF81540427284E2600B1340E /* StartButton.swift */,
				AF81540527284E2600B1340E /* XDismissButton.swift */,
			);
			path = Buttons;
			sourceTree = "<group>";
		};
		AF81540A27284E3300B1340E /* Models */ = {
			isa = PBXGroup;
			children = (
				AF81540B27284E3300B1340E /* TimerModel.swift */,
			);
			path = Models;
			sourceTree = "<group>";
		};
/* End PBXGroup section */

/* Begin PBXNativeTarget section */
		AF8153CA27284D2300B1340E /* LetsFocusPomoSPM */ = {
			isa = PBXNativeTarget;
			buildConfigurationList = AF8153D927284D2A00B1340E /* Build configuration list for PBXNativeTarget "LetsFocusPomoSPM" */;
			buildPhases = (
				AF8153C727284D2300B1340E /* Sources */,
				AF8153C827284D2300B1340E /* Frameworks */,
				AF8153C927284D2300B1340E /* Resources */,
			);
			buildRules = (
			);
			dependencies = (
			);
			name = LetsFocusPomoSPM;
			packageProductDependencies = (
				AF81542C272852B100B1340E /* FirebaseAuth */,
				AF81542E272852B100B1340E /* FirebaseFirestore */,
				AF815430272852B100B1340E /* FirebaseFirestoreSwift-Beta */,
			);
			productName = LetsFocusPomoSPM;
			productReference = AF8153CB27284D2300B1340E /* LetsFocusPomoSPM.app */;
			productType = "com.apple.product-type.application";
		};
/* End PBXNativeTarget section */

/* Begin PBXProject section */
		AF8153C327284D2300B1340E /* Project object */ = {
			isa = PBXProject;
			attributes = {
				BuildIndependentTargetsInParallel = 1;
				LastSwiftUpdateCheck = 1300;
				LastUpgradeCheck = 1300;
				TargetAttributes = {
					AF8153CA27284D2300B1340E = {
						CreatedOnToolsVersion = 13.0;
					};
				};
			};
			buildConfigurationList = AF8153C627284D2300B1340E /* Build configuration list for PBXProject "LetsFocusPomoSPM" */;
			compatibilityVersion = "Xcode 13.0";
			developmentRegion = en;
			hasScannedForEncodings = 0;
			knownRegions = (
				en,
				Base,
			);
			mainGroup = AF8153C227284D2300B1340E;
			packageReferences = (
				AF81542B272852B100B1340E /* XCRemoteSwiftPackageReference "firebase-ios-sdk" */,
			);
			productRefGroup = AF8153CC27284D2300B1340E /* Products */;
			projectDirPath = "";
			projectRoot = "";
			targets = (
				AF8153CA27284D2300B1340E /* LetsFocusPomoSPM */,
			);
		};
/* End PBXProject section */

/* Begin PBXResourcesBuildPhase section */
		AF8153C927284D2300B1340E /* Resources */ = {
			isa = PBXResourcesBuildPhase;
			buildActionMask = 2147483647;
			files = (
				AF81540E27284E4500B1340E /* Assets.xcassets in Resources */,
				AF8153D627284D2A00B1340E /* Preview Assets.xcassets in Resources */,
				AF815433272857CE00B1340E /* GoogleService-Info.plist in Resources */,
			);
			runOnlyForDeploymentPostprocessing = 0;
		};
/* End PBXResourcesBuildPhase section */

/* Begin PBXSourcesBuildPhase section */
		AF8153C727284D2300B1340E /* Sources */ = {
			isa = PBXSourcesBuildPhase;
			buildActionMask = 2147483647;
			files = (
				AF81540627284E2600B1340E /* PrimaryButtonStyle.swift in Sources */,
				AF8153EA27284DF100B1340E /* AccountView.swift in Sources */,
				AF8153F127284DF100B1340E /* SettingView.swift in Sources */,
				AF8153F927284E0E00B1340E /* Ext+Color.swift in Sources */,
				AF8153F027284DF100B1340E /* LetsFocusTabView.swift in Sources */,
				AF8153F327284DF100B1340E /* TimerViewModel.swift in Sources */,
				AF8153EB27284DF100B1340E /* AccountViewModel.swift in Sources */,
				AF81540727284E2600B1340E /* SecondaryButtonStyle.swift in Sources */,
				AF8153EF27284DF100B1340E /* RegisterViewModel.swift in Sources */,
				AF8153F227284DF100B1340E /* TimerView.swift in Sources */,
				AF8153EE27284DF100B1340E /* RegisterView.swift in Sources */,
				AF8153EC27284DF100B1340E /* AvatarView.swift in Sources */,
				AF8153ED27284DF100B1340E /* ProfileView.swift in Sources */,
				AF8153F627284E0400B1340E /* AlertItem.swift in Sources */,
				AF8153CF27284D2300B1340E /* LetsFocusPomoSPMApp.swift in Sources */,
				AF81540C27284E3300B1340E /* TimerModel.swift in Sources */,
				AF81540827284E2600B1340E /* StartButton.swift in Sources */,
				AF81540927284E2600B1340E /* XDismissButton.swift in Sources */,
			);
			runOnlyForDeploymentPostprocessing = 0;
		};
/* End PBXSourcesBuildPhase section */

/* Begin XCBuildConfiguration section */
		AF8153D727284D2A00B1340E /* Debug */ = {
			isa = XCBuildConfiguration;
			buildSettings = {
				ALWAYS_SEARCH_USER_PATHS = NO;
				CLANG_ANALYZER_NONNULL = YES;
				CLANG_ANALYZER_NUMBER_OBJECT_CONVERSION = YES_AGGRESSIVE;
				CLANG_CXX_LANGUAGE_STANDARD = "gnu++17";
				CLANG_CXX_LIBRARY = "libc++";
				CLANG_ENABLE_MODULES = YES;
				CLANG_ENABLE_OBJC_ARC = YES;
				CLANG_ENABLE_OBJC_WEAK = YES;
				CLANG_WARN_BLOCK_CAPTURE_AUTORELEASING = YES;
				CLANG_WARN_BOOL_CONVERSION = YES;
				CLANG_WARN_COMMA = YES;
				CLANG_WARN_CONSTANT_CONVERSION = YES;
				CLANG_WARN_DEPRECATED_OBJC_IMPLEMENTATIONS = YES;
				CLANG_WARN_DIRECT_OBJC_ISA_USAGE = YES_ERROR;
				CLANG_WARN_DOCUMENTATION_COMMENTS = YES;
				CLANG_WARN_EMPTY_BODY = YES;
				CLANG_WARN_ENUM_CONVERSION = YES;
				CLANG_WARN_INFINITE_RECURSION = YES;
				CLANG_WARN_INT_CONVERSION = YES;
				CLANG_WARN_NON_LITERAL_NULL_CONVERSION = YES;
				CLANG_WARN_OBJC_IMPLICIT_RETAIN_SELF = YES;
				CLANG_WARN_OBJC_LITERAL_CONVERSION = YES;
				CLANG_WARN_OBJC_ROOT_CLASS = YES_ERROR;
				CLANG_WARN_QUOTED_INCLUDE_IN_FRAMEWORK_HEADER = YES;
				CLANG_WARN_RANGE_LOOP_ANALYSIS = YES;
				CLANG_WARN_STRICT_PROTOTYPES = YES;
				CLANG_WARN_SUSPICIOUS_MOVE = YES;
				CLANG_WARN_UNGUARDED_AVAILABILITY = YES_AGGRESSIVE;
				CLANG_WARN_UNREACHABLE_CODE = YES;
				CLANG_WARN__DUPLICATE_METHOD_MATCH = YES;
				COPY_PHASE_STRIP = NO;
				DEBUG_INFORMATION_FORMAT = dwarf;
				ENABLE_STRICT_OBJC_MSGSEND = YES;
				ENABLE_TESTABILITY = YES;
				GCC_C_LANGUAGE_STANDARD = gnu11;
				GCC_DYNAMIC_NO_PIC = NO;
				GCC_NO_COMMON_BLOCKS = YES;
				GCC_OPTIMIZATION_LEVEL = 0;
				GCC_PREPROCESSOR_DEFINITIONS = (
					"DEBUG=1",
					"$(inherited)",
				);
				GCC_WARN_64_TO_32_BIT_CONVERSION = YES;
				GCC_WARN_ABOUT_RETURN_TYPE = YES_ERROR;
				GCC_WARN_UNDECLARED_SELECTOR = YES;
				GCC_WARN_UNINITIALIZED_AUTOS = YES_AGGRESSIVE;
				GCC_WARN_UNUSED_FUNCTION = YES;
				GCC_WARN_UNUSED_VARIABLE = YES;
				IPHONEOS_DEPLOYMENT_TARGET = 15.0;
				MTL_ENABLE_DEBUG_INFO = INCLUDE_SOURCE;
				MTL_FAST_MATH = YES;
				ONLY_ACTIVE_ARCH = YES;
				SDKROOT = iphoneos;
				SWIFT_ACTIVE_COMPILATION_CONDITIONS = DEBUG;
				SWIFT_OPTIMIZATION_LEVEL = "-Onone";
			};
			name = Debug;
		};
		AF8153D827284D2A00B1340E /* Release */ = {
			isa = XCBuildConfiguration;
			buildSettings = {
				ALWAYS_SEARCH_USER_PATHS = NO;
				CLANG_ANALYZER_NONNULL = YES;
				CLANG_ANALYZER_NUMBER_OBJECT_CONVERSION = YES_AGGRESSIVE;
				CLANG_CXX_LANGUAGE_STANDARD = "gnu++17";
				CLANG_CXX_LIBRARY = "libc++";
				CLANG_ENABLE_MODULES = YES;
				CLANG_ENABLE_OBJC_ARC = YES;
				CLANG_ENABLE_OBJC_WEAK = YES;
				CLANG_WARN_BLOCK_CAPTURE_AUTORELEASING = YES;
				CLANG_WARN_BOOL_CONVERSION = YES;
				CLANG_WARN_COMMA = YES;
				CLANG_WARN_CONSTANT_CONVERSION = YES;
				CLANG_WARN_DEPRECATED_OBJC_IMPLEMENTATIONS = YES;
				CLANG_WARN_DIRECT_OBJC_ISA_USAGE = YES_ERROR;
				CLANG_WARN_DOCUMENTATION_COMMENTS = YES;
				CLANG_WARN_EMPTY_BODY = YES;
				CLANG_WARN_ENUM_CONVERSION = YES;
				CLANG_WARN_INFINITE_RECURSION = YES;
				CLANG_WARN_INT_CONVERSION = YES;
				CLANG_WARN_NON_LITERAL_NULL_CONVERSION = YES;
				CLANG_WARN_OBJC_IMPLICIT_RETAIN_SELF = YES;
				CLANG_WARN_OBJC_LITERAL_CONVERSION = YES;
				CLANG_WARN_OBJC_ROOT_CLASS = YES_ERROR;
				CLANG_WARN_QUOTED_INCLUDE_IN_FRAMEWORK_HEADER = YES;
				CLANG_WARN_RANGE_LOOP_ANALYSIS = YES;
				CLANG_WARN_STRICT_PROTOTYPES = YES;
				CLANG_WARN_SUSPICIOUS_MOVE = YES;
				CLANG_WARN_UNGUARDED_AVAILABILITY = YES_AGGRESSIVE;
				CLANG_WARN_UNREACHABLE_CODE = YES;
				CLANG_WARN__DUPLICATE_METHOD_MATCH = YES;
				COPY_PHASE_STRIP = NO;
				DEBUG_INFORMATION_FORMAT = "dwarf-with-dsym";
				ENABLE_NS_ASSERTIONS = NO;
				ENABLE_STRICT_OBJC_MSGSEND = YES;
				GCC_C_LANGUAGE_STANDARD = gnu11;
				GCC_NO_COMMON_BLOCKS = YES;
				GCC_WARN_64_TO_32_BIT_CONVERSION = YES;
				GCC_WARN_ABOUT_RETURN_TYPE = YES_ERROR;
				GCC_WARN_UNDECLARED_SELECTOR = YES;
				GCC_WARN_UNINITIALIZED_AUTOS = YES_AGGRESSIVE;
				GCC_WARN_UNUSED_FUNCTION = YES;
				GCC_WARN_UNUSED_VARIABLE = YES;
				IPHONEOS_DEPLOYMENT_TARGET = 15.0;
				MTL_ENABLE_DEBUG_INFO = NO;
				MTL_FAST_MATH = YES;
				SDKROOT = iphoneos;
				SWIFT_COMPILATION_MODE = wholemodule;
				SWIFT_OPTIMIZATION_LEVEL = "-O";
				VALIDATE_PRODUCT = YES;
			};
			name = Release;
		};
		AF8153DA27284D2A00B1340E /* Debug */ = {
			isa = XCBuildConfiguration;
			buildSettings = {
				ASSETCATALOG_COMPILER_APPICON_NAME = AppIcon;
				ASSETCATALOG_COMPILER_GLOBAL_ACCENT_COLOR_NAME = AccentColor;
				CODE_SIGN_STYLE = Automatic;
				CURRENT_PROJECT_VERSION = 1;
				DEVELOPMENT_ASSET_PATHS = "\"LetsFocusPomoSPM/Preview Content\"";
				DEVELOPMENT_TEAM = NM9YBSUGNH;
				ENABLE_PREVIEWS = YES;
				GENERATE_INFOPLIST_FILE = YES;
				INFOPLIST_KEY_UIApplicationSceneManifest_Generation = YES;
				INFOPLIST_KEY_UIApplicationSupportsIndirectInputEvents = YES;
				INFOPLIST_KEY_UILaunchScreen_Generation = YES;
				INFOPLIST_KEY_UISupportedInterfaceOrientations_iPad = "UIInterfaceOrientationPortrait UIInterfaceOrientationPortraitUpsideDown UIInterfaceOrientationLandscapeLeft UIInterfaceOrientationLandscapeRight";
				INFOPLIST_KEY_UISupportedInterfaceOrientations_iPhone = "UIInterfaceOrientationPortrait UIInterfaceOrientationLandscapeLeft UIInterfaceOrientationLandscapeRight";
				IPHONEOS_DEPLOYMENT_TARGET = 14.0;
				LD_RUNPATH_SEARCH_PATHS = (
					"$(inherited)",
					"@executable_path/Frameworks",
				);
				MARKETING_VERSION = 1.0;
				PRODUCT_BUNDLE_IDENTIFIER = drvinh.LetsFocusPomoSPM;
				PRODUCT_NAME = "$(TARGET_NAME)";
				SWIFT_EMIT_LOC_STRINGS = YES;
				SWIFT_VERSION = 5.0;
				TARGETED_DEVICE_FAMILY = "1,2";
			};
			name = Debug;
		};
		AF8153DB27284D2A00B1340E /* Release */ = {
			isa = XCBuildConfiguration;
			buildSettings = {
				ASSETCATALOG_COMPILER_APPICON_NAME = AppIcon;
				ASSETCATALOG_COMPILER_GLOBAL_ACCENT_COLOR_NAME = AccentColor;
				CODE_SIGN_STYLE = Automatic;
				CURRENT_PROJECT_VERSION = 1;
				DEVELOPMENT_ASSET_PATHS = "\"LetsFocusPomoSPM/Preview Content\"";
				DEVELOPMENT_TEAM = NM9YBSUGNH;
				ENABLE_PREVIEWS = YES;
				GENERATE_INFOPLIST_FILE = YES;
				INFOPLIST_KEY_UIApplicationSceneManifest_Generation = YES;
				INFOPLIST_KEY_UIApplicationSupportsIndirectInputEvents = YES;
				INFOPLIST_KEY_UILaunchScreen_Generation = YES;
				INFOPLIST_KEY_UISupportedInterfaceOrientations_iPad = "UIInterfaceOrientationPortrait UIInterfaceOrientationPortraitUpsideDown UIInterfaceOrientationLandscapeLeft UIInterfaceOrientationLandscapeRight";
				INFOPLIST_KEY_UISupportedInterfaceOrientations_iPhone = "UIInterfaceOrientationPortrait UIInterfaceOrientationLandscapeLeft UIInterfaceOrientationLandscapeRight";
				IPHONEOS_DEPLOYMENT_TARGET = 14.0;
				LD_RUNPATH_SEARCH_PATHS = (
					"$(inherited)",
					"@executable_path/Frameworks",
				);
				MARKETING_VERSION = 1.0;
				PRODUCT_BUNDLE_IDENTIFIER = drvinh.LetsFocusPomoSPM;
				PRODUCT_NAME = "$(TARGET_NAME)";
				SWIFT_EMIT_LOC_STRINGS = YES;
				SWIFT_VERSION = 5.0;
				TARGETED_DEVICE_FAMILY = "1,2";
			};
			name = Release;
		};
/* End XCBuildConfiguration section */

/* Begin XCConfigurationList section */
		AF8153C627284D2300B1340E /* Build configuration list for PBXProject "LetsFocusPomoSPM" */ = {
			isa = XCConfigurationList;
			buildConfigurations = (
				AF8153D727284D2A00B1340E /* Debug */,
				AF8153D827284D2A00B1340E /* Release */,
			);
			defaultConfigurationIsVisible = 0;
			defaultConfigurationName = Release;
		};
		AF8153D927284D2A00B1340E /* Build configuration list for PBXNativeTarget "LetsFocusPomoSPM" */ = {
			isa = XCConfigurationList;
			buildConfigurations = (
				AF8153DA27284D2A00B1340E /* Debug */,
				AF8153DB27284D2A00B1340E /* Release */,
			);
			defaultConfigurationIsVisible = 0;
			defaultConfigurationName = Release;
		};
/* End XCConfigurationList section */

/* Begin XCRemoteSwiftPackageReference section */
		AF81542B272852B100B1340E /* XCRemoteSwiftPackageReference "firebase-ios-sdk" */ = {
			isa = XCRemoteSwiftPackageReference;
			repositoryURL = "https://github.com/firebase/firebase-ios-sdk.git";
			requirement = {
				kind = upToNextMajorVersion;
				minimumVersion = 8.0.0;
			};
		};
/* End XCRemoteSwiftPackageReference section */

/* Begin XCSwiftPackageProductDependency section */
		AF81542C272852B100B1340E /* FirebaseAuth */ = {
			isa = XCSwiftPackageProductDependency;
			package = AF81542B272852B100B1340E /* XCRemoteSwiftPackageReference "firebase-ios-sdk" */;
			productName = FirebaseAuth;
		};
		AF81542E272852B100B1340E /* FirebaseFirestore */ = {
			isa = XCSwiftPackageProductDependency;
			package = AF81542B272852B100B1340E /* XCRemoteSwiftPackageReference "firebase-ios-sdk" */;
			productName = FirebaseFirestore;
		};
		AF815430272852B100B1340E /* FirebaseFirestoreSwift-Beta */ = {
			isa = XCSwiftPackageProductDependency;
			package = AF81542B272852B100B1340E /* XCRemoteSwiftPackageReference "firebase-ios-sdk" */;
			productName = "FirebaseFirestoreSwift-Beta";
		};
/* End XCSwiftPackageProductDependency section */
	};
	rootObject = AF8153C327284D2300B1340E /* Project object */;
}
